
Microsoft Visual Studio Solution File, Format Version 12.00
# Visual Studio Version 16
VisualStudioVersion = 16.0.30330.147
MinimumVisualStudioVersion = 10.0.40219.1
Project("{FAE04EC0-301F-11D3-BF4B-00C04F79EFBC}") = "sr6", "sr6\sr6.csproj", "{771A9033-D333-44DA-B1D2-C90A95D4FEE1}"
EndProject
Global
	GlobalSection(SolutionConfigurationPlatforms) = preSolution
		Debug|Any CPU = Debug|Any CPU
		Release|Any CPU = Release|Any CPU
	EndGlobalSection
	GlobalSection(ProjectConfigurationPlatforms) = postSolution
		{771A9033-D333-44DA-B1D2-C90A95D4FEE1}.Debug|Any CPU.ActiveCfg = Debug|Any CPU
		{771A9033-D333-44DA-B1D2-C90A95D4FEE1}.Debug|Any CPU.Build.0 = Debug|Any CPU
		{771A9033-D333-44DA-B1D2-C90A95D4FEE1}.Release|Any CPU.ActiveCfg = Release|Any CPU
		{771A9033-D333-44DA-B1D2-C90A95D4FEE1}.Release|Any CPU.Build.0 = Release|Any CPU
	EndGlobalSection
	GlobalSection(SolutionProperties) = preSolution
		HideSolutionNode = FALSE
	EndGlobalSection
	GlobalSection(ExtensibilityGlobals) = postSolution
		SolutionGuid = {6FC8A6AB-DC16-4A4F-8257-F85B5E04A945}
	EndGlobalSection
EndGlobal
